# This file is automatically @generated by Cargo.
# It is not intended for manual editing.
[[package]]
name = "ruspiro-gpio"
version = "0.3.0"
source = "registry+https://github.com/rust-lang/crates.io-index"
checksum = "7441d47c99006e95cd44fe24c1ce67be4506d5c83e8757aed97ad2439882fee4"
dependencies = [
 "ruspiro-register",
 "ruspiro-singleton",
]

[[package]]
name = "ruspiro-i2c"
version = "0.3.0"
dependencies = [
 "ruspiro-gpio",
 "ruspiro-register",
 "ruspiro-singleton",
 "ruspiro-timer",
]

[[package]]
name = "ruspiro-interrupt-core"
version = "0.3.0"
source = "registry+https://github.com/rust-lang/crates.io-index"
checksum = "c7b390251fac17053254f0f0bacace3ff6732b6eae4b73ef8343ba5463f3db1f"

[[package]]
name = "ruspiro-lock"
version = "0.3.0"
source = "registry+https://github.com/rust-lang/crates.io-index"
checksum = "e87db6be5a2f908e43b8ccd2b222003c5e68738aaaca456d36debffa79a09e43"
dependencies = [
 "ruspiro-interrupt-core",
]

[[package]]
name = "ruspiro-register"
version = "0.3.1"
source = "registry+https://github.com/rust-lang/crates.io-index"
checksum = "446d239730182f0745c9d412746da376436ce453c43c87c05057d35d62d1fff3"

[[package]]
name = "ruspiro-singleton"
version = "0.3.0"
source = "registry+https://github.com/rust-lang/crates.io-index"
checksum = "e7919b8dd53e14b4132567c623c439451d57252667fe98d2a436ca58b7794f97"
dependencies = [
 "ruspiro-lock",
]

[[package]]
name = "ruspiro-timer"
version = "0.3.0"
source = "registry+https://github.com/rust-lang/crates.io-index"
checksum = "f355fd9eb71d06c6e34f65b67a8f59477ad1da0e327995ae6af4c9d5cfc949e4"
dependencies = [
 "ruspiro-register",
]
